
Microsoft Visual Studio Solution File, Format Version 12.00
# Visual Studio Version 17
VisualStudioVersion = 17.14.36408.4 d17.14
MinimumVisualStudioVersion = 10.0.40219.1
Project("{FAE04EC0-301F-11D3-BF4B-00C04F79EFBC}") = "BLDDBAPI", "BLDDBAPI\BLDDBAPI.csproj", "{8C1DF0D2-F7A5-4DA5-8F80-9391DAE6EB15}"
EndProject
Project("{00D1A9C2-B5F0-4AF3-8072-F6C62B433612}") = "BLDDBV2", "BLDDBV2\BLDDBV2.sqlproj", "{BD8E15CE-6F8D-4FFC-9867-7787FB567703}"
EndProject
Project("{FAE04EC0-301F-11D3-BF4B-00C04F79EFBC}") = "DataLibrary", "DataLibrary\DataLibrary.csproj", "{56899533-9372-45EF-A0E6-2EB2971635F0}"
EndProject
Global
	GlobalSection(SolutionConfigurationPlatforms) = preSolution
		Debug|Any CPU = Debug|Any CPU
		Release|Any CPU = Release|Any CPU
	EndGlobalSection
	GlobalSection(ProjectConfigurationPlatforms) = postSolution
		{8C1DF0D2-F7A5-4DA5-8F80-9391DAE6EB15}.Debug|Any CPU.ActiveCfg = Debug|Any CPU
		{8C1DF0D2-F7A5-4DA5-8F80-9391DAE6EB15}.Debug|Any CPU.Build.0 = Debug|Any CPU
		{8C1DF0D2-F7A5-4DA5-8F80-9391DAE6EB15}.Release|Any CPU.ActiveCfg = Release|Any CPU
		{8C1DF0D2-F7A5-4DA5-8F80-9391DAE6EB15}.Release|Any CPU.Build.0 = Release|Any CPU
		{BD8E15CE-6F8D-4FFC-9867-7787FB567703}.Debug|Any CPU.ActiveCfg = Debug|Any CPU
		{BD8E15CE-6F8D-4FFC-9867-7787FB567703}.Debug|Any CPU.Build.0 = Debug|Any CPU
		{BD8E15CE-6F8D-4FFC-9867-7787FB567703}.Debug|Any CPU.Deploy.0 = Debug|Any CPU
		{BD8E15CE-6F8D-4FFC-9867-7787FB567703}.Release|Any CPU.ActiveCfg = Release|Any CPU
		{BD8E15CE-6F8D-4FFC-9867-7787FB567703}.Release|Any CPU.Build.0 = Release|Any CPU
		{BD8E15CE-6F8D-4FFC-9867-7787FB567703}.Release|Any CPU.Deploy.0 = Release|Any CPU
		{56899533-9372-45EF-A0E6-2EB2971635F0}.Debug|Any CPU.ActiveCfg = Debug|Any CPU
		{56899533-9372-45EF-A0E6-2EB2971635F0}.Debug|Any CPU.Build.0 = Debug|Any CPU
		{56899533-9372-45EF-A0E6-2EB2971635F0}.Release|Any CPU.ActiveCfg = Release|Any CPU
		{56899533-9372-45EF-A0E6-2EB2971635F0}.Release|Any CPU.Build.0 = Release|Any CPU
	EndGlobalSection
	GlobalSection(SolutionProperties) = preSolution
		HideSolutionNode = FALSE
	EndGlobalSection
	GlobalSection(ExtensibilityGlobals) = postSolution
		SolutionGuid = {AE4B7A2D-C764-48DD-BC91-9ACCA18832AC}
	EndGlobalSection
EndGlobal
